
Microsoft Visual Studio Solution File, Format Version 12.00
# Visual Studio Version 17
VisualStudioVersion = 17.1.32414.318
MinimumVisualStudioVersion = 10.0.40219.1
Project("{9A19103F-16F7-4668-BE54-9A1E7A4F7556}") = "PracaInżynierskaTomaszBaczek", "PracaInżynierskaTomaszBaczek.csproj", "{0FEA244B-0890-4B2F-A699-0610656B3D3D}"
EndProject
Global
	GlobalSection(SolutionConfigurationPlatforms) = preSolution
		Debug|Any CPU = Debug|Any CPU
		Release|Any CPU = Release|Any CPU
	EndGlobalSection
	GlobalSection(ProjectConfigurationPlatforms) = postSolution
		{0FEA244B-0890-4B2F-A699-0610656B3D3D}.Debug|Any CPU.ActiveCfg = Debug|Any CPU
		{0FEA244B-0890-4B2F-A699-0610656B3D3D}.Debug|Any CPU.Build.0 = Debug|Any CPU
		{0FEA244B-0890-4B2F-A699-0610656B3D3D}.Release|Any CPU.ActiveCfg = Release|Any CPU
		{0FEA244B-0890-4B2F-A699-0610656B3D3D}.Release|Any CPU.Build.0 = Release|Any CPU
	EndGlobalSection
	GlobalSection(SolutionProperties) = preSolution
		HideSolutionNode = FALSE
	EndGlobalSection
	GlobalSection(ExtensibilityGlobals) = postSolution
		SolutionGuid = {9F6E6365-B722-4B22-A588-2A0435E3D272}
	EndGlobalSection
EndGlobal
